
Microsoft Visual Studio Solution File, Format Version 12.00
# Visual Studio Version 17
VisualStudioVersion = 17.0.31903.59
MinimumVisualStudioVersion = 10.0.40219.1
Project("{FAE04EC0-301F-11D3-BF4B-00C04F79EFBC}") = "PoGo.NecroBot.Logic", "PoGo.NecroBot.Logic\PoGo.NecroBot.Logic.csproj", "{2B2EF659-B529-4B3F-98EE-B4273D4ED6D3}"
EndProject
Project("{FAE04EC0-301F-11D3-BF4B-00C04F79EFBC}") = "PoGo.NecroBot.CLI", "PoGo.NecroBot.CLI\PoGo.NecroBot.CLI.csproj", "{929DD2DB-4DA7-4BCA-92D3-2B0F68938C0E}"
EndProject
Global
	GlobalSection(SolutionConfigurationPlatforms) = preSolution
		Debug|Any CPU = Debug|Any CPU
		Release|Any CPU = Release|Any CPU
	EndGlobalSection
	GlobalSection(SolutionProperties) = preSolution
		HideSolutionNode = FALSE
	EndGlobalSection
	GlobalSection(ProjectConfigurationPlatforms) = postSolution
		{2B2EF659-B529-4B3F-98EE-B4273D4ED6D3}.Debug|Any CPU.ActiveCfg = Debug|Any CPU
		{2B2EF659-B529-4B3F-98EE-B4273D4ED6D3}.Debug|Any CPU.Build.0 = Debug|Any CPU
		{2B2EF659-B529-4B3F-98EE-B4273D4ED6D3}.Release|Any CPU.ActiveCfg = Release|Any CPU
		{2B2EF659-B529-4B3F-98EE-B4273D4ED6D3}.Release|Any CPU.Build.0 = Release|Any CPU
		{929DD2DB-4DA7-4BCA-92D3-2B0F68938C0E}.Debug|Any CPU.ActiveCfg = Debug|Any CPU
		{929DD2DB-4DA7-4BCA-92D3-2B0F68938C0E}.Debug|Any CPU.Build.0 = Debug|Any CPU
		{929DD2DB-4DA7-4BCA-92D3-2B0F68938C0E}.Release|Any CPU.ActiveCfg = Release|Any CPU
		{929DD2DB-4DA7-4BCA-92D3-2B0F68938C0E}.Release|Any CPU.Build.0 = Release|Any CPU
	EndGlobalSection
EndGlobal
